
Microsoft Visual Studio Solution File, Format Version 12.00
# Visual Studio 15
VisualStudioVersion = 15.0.28307.168
MinimumVisualStudioVersion = 10.0.40219.1
Project("{FAE04EC0-301F-11D3-BF4B-00C04F79EFBC}") = "Battleship", "Battleship.csproj", "{511495A2-F5B9-4E25-823B-454ED48D3F52}"
EndProject
Global
	GlobalSection(SolutionConfigurationPlatforms) = preSolution
		Debug|Any CPU = Debug|Any CPU
		Release|Any CPU = Release|Any CPU
	EndGlobalSection
	GlobalSection(ProjectConfigurationPlatforms) = postSolution
		{511495A2-F5B9-4E25-823B-454ED48D3F52}.Debug|Any CPU.ActiveCfg = Debug|Any CPU
		{511495A2-F5B9-4E25-823B-454ED48D3F52}.Debug|Any CPU.Build.0 = Debug|Any CPU
		{511495A2-F5B9-4E25-823B-454ED48D3F52}.Release|Any CPU.ActiveCfg = Release|Any CPU
		{511495A2-F5B9-4E25-823B-454ED48D3F52}.Release|Any CPU.Build.0 = Release|Any CPU
	EndGlobalSection
	GlobalSection(SolutionProperties) = preSolution
		HideSolutionNode = FALSE
	EndGlobalSection
	GlobalSection(ExtensibilityGlobals) = postSolution
		SolutionGuid = {9260BBC7-5DA5-458C-8FC5-680DE5FE72C3}
	EndGlobalSection
EndGlobal
